
Microsoft Visual Studio Solution File, Format Version 12.00
# Visual Studio Version 16
VisualStudioVersion = 16.0.30804.86
MinimumVisualStudioVersion = 10.0.40219.1
Project("{FAE04EC0-301F-11D3-BF4B-00C04F79EFBC}") = "ManageProductDetails", "ManageProductDetails.csproj", "{30F9D6BB-B077-4B74-B74F-E5D99726BF15}"
EndProject
Project("{FAE04EC0-301F-11D3-BF4B-00C04F79EFBC}") = "ManageProductDetails.Tests", "..\ManageProductDetails.Tests\ManageProductDetails.Tests.csproj", "{662B1B00-D732-4141-B8E1-919DB6BFA238}"
EndProject
Global
	GlobalSection(SolutionConfigurationPlatforms) = preSolution
		Debug|Any CPU = Debug|Any CPU
		Release|Any CPU = Release|Any CPU
	EndGlobalSection
	GlobalSection(ProjectConfigurationPlatforms) = postSolution
		{30F9D6BB-B077-4B74-B74F-E5D99726BF15}.Debug|Any CPU.ActiveCfg = Debug|Any CPU
		{30F9D6BB-B077-4B74-B74F-E5D99726BF15}.Debug|Any CPU.Build.0 = Debug|Any CPU
		{30F9D6BB-B077-4B74-B74F-E5D99726BF15}.Release|Any CPU.ActiveCfg = Release|Any CPU
		{30F9D6BB-B077-4B74-B74F-E5D99726BF15}.Release|Any CPU.Build.0 = Release|Any CPU
		{662B1B00-D732-4141-B8E1-919DB6BFA238}.Debug|Any CPU.ActiveCfg = Debug|Any CPU
		{662B1B00-D732-4141-B8E1-919DB6BFA238}.Debug|Any CPU.Build.0 = Debug|Any CPU
		{662B1B00-D732-4141-B8E1-919DB6BFA238}.Release|Any CPU.ActiveCfg = Release|Any CPU
		{662B1B00-D732-4141-B8E1-919DB6BFA238}.Release|Any CPU.Build.0 = Release|Any CPU
	EndGlobalSection
	GlobalSection(SolutionProperties) = preSolution
		HideSolutionNode = FALSE
	EndGlobalSection
	GlobalSection(ExtensibilityGlobals) = postSolution
		SolutionGuid = {89CCE91A-FA5C-45F1-8FA3-6D7AB218E035}
	EndGlobalSection
EndGlobal
